// !$*UTF8*$!
{
	archiveVersion = 1;
	classes = {
	};
	objectVersion = 56;
	objects = {

/* Begin PBXBuildFile section */
		DA6148052AA0774900CDA84C /* WordCheckingViewModel.swift in Sources */ = {isa = PBXBuildFile; fileRef = DA7A0A042A9786420046AAC4 /* WordCheckingViewModel.swift */; };
		DA6148062AA0774900CDA84C /* WordChecking+BottomButton.swift in Sources */ = {isa = PBXBuildFile; fileRef = DA7A0A082A9859580046AAC4 /* WordChecking+BottomButton.swift */; };
		DA6148072AA0774900CDA84C /* LaunchArguments.swift in Sources */ = {isa = PBXBuildFile; fileRef = DA7A0A1F2A9B75930046AAC4 /* LaunchArguments.swift */; };
		DA6148082AA0774900CDA84C /* DataAssembly.swift in Sources */ = {isa = PBXBuildFile; fileRef = DA7A0A2B2A9B86ED0046AAC4 /* DataAssembly.swift */; };
		DA6148092AA0774900CDA84C /* WordSearchResultsController.swift in Sources */ = {isa = PBXBuildFile; fileRef = DA7A0A162A9A540A0046AAC4 /* WordSearchResultsController.swift */; };
		DA61480A2AA0774900CDA84C /* WordListViewController.swift in Sources */ = {isa = PBXBuildFile; fileRef = DA7A0A0B2A985F720046AAC4 /* WordListViewController.swift */; };
		DA61480B2AA0774900CDA84C /* DIContainer.swift in Sources */ = {isa = PBXBuildFile; fileRef = DA7A0A292A9B85CF0046AAC4 /* DIContainer.swift */; };
		DA61480C2AA0774900CDA84C /* WordCheckingViewController.swift in Sources */ = {isa = PBXBuildFile; fileRef = DA7A09B32A950FBB0046AAC4 /* WordCheckingViewController.swift */; };
		DA61480D2AA0774900CDA84C /* Collection+isNotEmpty.swift in Sources */ = {isa = PBXBuildFile; fileRef = DA7A09FF2A97853F0046AAC4 /* Collection+isNotEmpty.swift */; };
		DA61480E2AA0774900CDA84C /* CircularLinkedList.swift in Sources */ = {isa = PBXBuildFile; fileRef = DA7A0A062A979BC90046AAC4 /* CircularLinkedList.swift */; };
		DA61480F2AA0774900CDA84C /* RealmError.swift in Sources */ = {isa = PBXBuildFile; fileRef = DA7A0A0F2A989CB60046AAC4 /* RealmError.swift */; };
		DA6148102AA0774900CDA84C /* Word.swift in Sources */ = {isa = PBXBuildFile; fileRef = DA7A09F82A97571F0046AAC4 /* Word.swift */; };
		DA6148112AA0774900CDA84C /* AppDelegate.swift in Sources */ = {isa = PBXBuildFile; fileRef = DA7A09AF2A950FBB0046AAC4 /* AppDelegate.swift */; };
		DA6148122AA0774900CDA84C /* WordListViewModel.swift in Sources */ = {isa = PBXBuildFile; fileRef = DA7A0A0D2A9861950046AAC4 /* WordListViewModel.swift */; };
		DA6148132AA0774900CDA84C /* UIViewControllerAssembly.swift in Sources */ = {isa = PBXBuildFile; fileRef = DA7A0A2D2A9B8F0E0046AAC4 /* UIViewControllerAssembly.swift */; };
		DA6148142AA0774900CDA84C /* AccessibilityIdentifier.swift in Sources */ = {isa = PBXBuildFile; fileRef = DA7A0A372A9C48440046AAC4 /* AccessibilityIdentifier.swift */; };
		DA6148152AA0774900CDA84C /* UIFont+preferredFont.swift in Sources */ = {isa = PBXBuildFile; fileRef = DA7A09EE2A95FEAF0046AAC4 /* UIFont+preferredFont.swift */; };
		DA6148162AA0774900CDA84C /* WCRepository.swift in Sources */ = {isa = PBXBuildFile; fileRef = DA7A09F62A9756B90046AAC4 /* WCRepository.swift */; };
		DA6148172AA0774900CDA84C /* WCString.swift in Sources */ = {isa = PBXBuildFile; fileRef = DA7A09EB2A95F8E80046AAC4 /* WCString.swift */; };
		DA6148182AA0774900CDA84C /* SceneDelegate.swift in Sources */ = {isa = PBXBuildFile; fileRef = DA7A09B12A950FBB0046AAC4 /* SceneDelegate.swift */; };
		DA61481A2AA0774900CDA84C /* RealmSwift in Frameworks */ = {isa = PBXBuildFile; productRef = DA6148012AA0774900CDA84C /* RealmSwift */; };
		DA61481B2AA0774900CDA84C /* Realm in Frameworks */ = {isa = PBXBuildFile; productRef = DA6147FF2AA0774900CDA84C /* Realm */; };
		DA61481C2AA0774900CDA84C /* Swinject in Frameworks */ = {isa = PBXBuildFile; productRef = DA6148022AA0774900CDA84C /* Swinject */; };
		DA61481E2AA0774900CDA84C /* LaunchScreen.storyboard in Resources */ = {isa = PBXBuildFile; fileRef = DA7A09BA2A950FBC0046AAC4 /* LaunchScreen.storyboard */; };
		DA61481F2AA0774900CDA84C /* Localizable.strings in Resources */ = {isa = PBXBuildFile; fileRef = DA7A09E82A95F5EE0046AAC4 /* Localizable.strings */; };
		DA6148202AA0774900CDA84C /* Assets.xcassets in Resources */ = {isa = PBXBuildFile; fileRef = DA7A09B82A950FBC0046AAC4 /* Assets.xcassets */; };
		DA6148302AA07D0800CDA84C /* DataAssembly_Product.swift in Sources */ = {isa = PBXBuildFile; fileRef = DA61482F2AA07D0800CDA84C /* DataAssembly_Product.swift */; };
		DA6148332AA07DA200CDA84C /* DataAssembly_Dev.swift in Sources */ = {isa = PBXBuildFile; fileRef = DA6148312AA07D1800CDA84C /* DataAssembly_Dev.swift */; };
		DA7A09B02A950FBB0046AAC4 /* AppDelegate.swift in Sources */ = {isa = PBXBuildFile; fileRef = DA7A09AF2A950FBB0046AAC4 /* AppDelegate.swift */; };
		DA7A09B22A950FBB0046AAC4 /* SceneDelegate.swift in Sources */ = {isa = PBXBuildFile; fileRef = DA7A09B12A950FBB0046AAC4 /* SceneDelegate.swift */; };
		DA7A09B42A950FBB0046AAC4 /* WordCheckingViewController.swift in Sources */ = {isa = PBXBuildFile; fileRef = DA7A09B32A950FBB0046AAC4 /* WordCheckingViewController.swift */; };
		DA7A09B92A950FBC0046AAC4 /* Assets.xcassets in Resources */ = {isa = PBXBuildFile; fileRef = DA7A09B82A950FBC0046AAC4 /* Assets.xcassets */; };
		DA7A09BC2A950FBC0046AAC4 /* LaunchScreen.storyboard in Resources */ = {isa = PBXBuildFile; fileRef = DA7A09BA2A950FBC0046AAC4 /* LaunchScreen.storyboard */; };
		DA7A09C72A950FBC0046AAC4 /* WordCheckerTests.swift in Sources */ = {isa = PBXBuildFile; fileRef = DA7A09C62A950FBC0046AAC4 /* WordCheckerTests.swift */; };
		DA7A09D12A950FBC0046AAC4 /* WordCheckerUITests.swift in Sources */ = {isa = PBXBuildFile; fileRef = DA7A09D02A950FBC0046AAC4 /* WordCheckerUITests.swift */; };
		DA7A09E62A95F5EE0046AAC4 /* Localizable.strings in Resources */ = {isa = PBXBuildFile; fileRef = DA7A09E82A95F5EE0046AAC4 /* Localizable.strings */; };
		DA7A09EC2A95F8E80046AAC4 /* WCString.swift in Sources */ = {isa = PBXBuildFile; fileRef = DA7A09EB2A95F8E80046AAC4 /* WCString.swift */; };
		DA7A09EF2A95FEAF0046AAC4 /* UIFont+preferredFont.swift in Sources */ = {isa = PBXBuildFile; fileRef = DA7A09EE2A95FEAF0046AAC4 /* UIFont+preferredFont.swift */; };
		DA7A09F32A9756780046AAC4 /* Realm in Frameworks */ = {isa = PBXBuildFile; productRef = DA7A09F22A9756780046AAC4 /* Realm */; };
		DA7A09F52A9756780046AAC4 /* RealmSwift in Frameworks */ = {isa = PBXBuildFile; productRef = DA7A09F42A9756780046AAC4 /* RealmSwift */; };
		DA7A09F72A9756B90046AAC4 /* WCRepository.swift in Sources */ = {isa = PBXBuildFile; fileRef = DA7A09F62A9756B90046AAC4 /* WCRepository.swift */; };
		DA7A09F92A97571F0046AAC4 /* Word.swift in Sources */ = {isa = PBXBuildFile; fileRef = DA7A09F82A97571F0046AAC4 /* Word.swift */; };
		DA7A0A002A97853F0046AAC4 /* Collection+isNotEmpty.swift in Sources */ = {isa = PBXBuildFile; fileRef = DA7A09FF2A97853F0046AAC4 /* Collection+isNotEmpty.swift */; };
		DA7A0A052A9786420046AAC4 /* WordCheckingViewModel.swift in Sources */ = {isa = PBXBuildFile; fileRef = DA7A0A042A9786420046AAC4 /* WordCheckingViewModel.swift */; };
		DA7A0A072A979BC90046AAC4 /* CircularLinkedList.swift in Sources */ = {isa = PBXBuildFile; fileRef = DA7A0A062A979BC90046AAC4 /* CircularLinkedList.swift */; };
		DA7A0A092A9859580046AAC4 /* WordChecking+BottomButton.swift in Sources */ = {isa = PBXBuildFile; fileRef = DA7A0A082A9859580046AAC4 /* WordChecking+BottomButton.swift */; };
		DA7A0A0C2A985F720046AAC4 /* WordListViewController.swift in Sources */ = {isa = PBXBuildFile; fileRef = DA7A0A0B2A985F720046AAC4 /* WordListViewController.swift */; };
		DA7A0A0E2A9861950046AAC4 /* WordListViewModel.swift in Sources */ = {isa = PBXBuildFile; fileRef = DA7A0A0D2A9861950046AAC4 /* WordListViewModel.swift */; };
		DA7A0A102A989CB60046AAC4 /* RealmError.swift in Sources */ = {isa = PBXBuildFile; fileRef = DA7A0A0F2A989CB60046AAC4 /* RealmError.swift */; };
		DA7A0A172A9A540A0046AAC4 /* WordSearchResultsController.swift in Sources */ = {isa = PBXBuildFile; fileRef = DA7A0A162A9A540A0046AAC4 /* WordSearchResultsController.swift */; };
		DA7A0A1C2A9B727C0046AAC4 /* Realm in Frameworks */ = {isa = PBXBuildFile; productRef = DA7A0A1B2A9B727C0046AAC4 /* Realm */; };
		DA7A0A1E2A9B75790046AAC4 /* XCUIApplication+launchEnvironment.swift in Sources */ = {isa = PBXBuildFile; fileRef = DA7A0A1D2A9B75790046AAC4 /* XCUIApplication+launchEnvironment.swift */; };
		DA7A0A222A9B77140046AAC4 /* Realm in Frameworks */ = {isa = PBXBuildFile; productRef = DA7A0A212A9B77140046AAC4 /* Realm */; };
		DA7A0A242A9B82CB0046AAC4 /* LaunchArguments.swift in Sources */ = {isa = PBXBuildFile; fileRef = DA7A0A1F2A9B75930046AAC4 /* LaunchArguments.swift */; };
		DA7A0A272A9B85B00046AAC4 /* Swinject in Frameworks */ = {isa = PBXBuildFile; productRef = DA7A0A262A9B85B00046AAC4 /* Swinject */; };
		DA7A0A2A2A9B85CF0046AAC4 /* DIContainer.swift in Sources */ = {isa = PBXBuildFile; fileRef = DA7A0A292A9B85CF0046AAC4 /* DIContainer.swift */; };
		DA7A0A2C2A9B86ED0046AAC4 /* DataAssembly.swift in Sources */ = {isa = PBXBuildFile; fileRef = DA7A0A2B2A9B86ED0046AAC4 /* DataAssembly.swift */; };
		DA7A0A2E2A9B8F0E0046AAC4 /* UIViewControllerAssembly.swift in Sources */ = {isa = PBXBuildFile; fileRef = DA7A0A2D2A9B8F0E0046AAC4 /* UIViewControllerAssembly.swift */; };
		DA7A0A2F2A9B91F10046AAC4 /* WCString.swift in Sources */ = {isa = PBXBuildFile; fileRef = DA7A09EB2A95F8E80046AAC4 /* WCString.swift */; };
		DA7A0A382A9C48440046AAC4 /* AccessibilityIdentifier.swift in Sources */ = {isa = PBXBuildFile; fileRef = DA7A0A372A9C48440046AAC4 /* AccessibilityIdentifier.swift */; };
		DA7A0A392A9C4F2D0046AAC4 /* AccessibilityIdentifier.swift in Sources */ = {isa = PBXBuildFile; fileRef = DA7A0A372A9C48440046AAC4 /* AccessibilityIdentifier.swift */; };
		DA7A0A3B2A9C64550046AAC4 /* Localizable.strings in Resources */ = {isa = PBXBuildFile; fileRef = DA7A09E82A95F5EE0046AAC4 /* Localizable.strings */; };
		DA7A0A3D2A9C71570046AAC4 /* XCUIElement+assertExistence.swift in Sources */ = {isa = PBXBuildFile; fileRef = DA7A0A3C2A9C71570046AAC4 /* XCUIElement+assertExistence.swift */; };
		DA8EC9EA2AA35CF200BDEEC2 /* ReSwift in Frameworks */ = {isa = PBXBuildFile; productRef = DA8EC9E92AA35CF200BDEEC2 /* ReSwift */; };
		DA95B0612AA56E370093EEF5 /* WordState.swift in Sources */ = {isa = PBXBuildFile; fileRef = DA95B0602AA56E370093EEF5 /* WordState.swift */; };
		DA95B0622AA56E8E0093EEF5 /* WordState.swift in Sources */ = {isa = PBXBuildFile; fileRef = DA95B0602AA56E370093EEF5 /* WordState.swift */; };
		DA95B0642AA573E80093EEF5 /* WordStateAction.swift in Sources */ = {isa = PBXBuildFile; fileRef = DA95B0632AA573E80093EEF5 /* WordStateAction.swift */; };
		DA95B0682AA574D50093EEF5 /* State.swift in Sources */ = {isa = PBXBuildFile; fileRef = DA95B0672AA574D50093EEF5 /* State.swift */; };
		DA95B0692AA574F30093EEF5 /* State.swift in Sources */ = {isa = PBXBuildFile; fileRef = DA95B0672AA574D50093EEF5 /* State.swift */; };
		DA95B06A2AA575510093EEF5 /* WordStateAction.swift in Sources */ = {isa = PBXBuildFile; fileRef = DA95B0632AA573E80093EEF5 /* WordStateAction.swift */; };
		DAEE5D242AA37B5B00909097 /* XCUIElement+clearAndEnterText.swift in Sources */ = {isa = PBXBuildFile; fileRef = DAEE5D232AA37B5B00909097 /* XCUIElement+clearAndEnterText.swift */; };
		DAEE5D262AA38C3A00909097 /* XCUIElement+backButton.swift in Sources */ = {isa = PBXBuildFile; fileRef = DAEE5D252AA38C3A00909097 /* XCUIElement+backButton.swift */; };
		DAEE5D292AA3A7D100909097 /* ReSwift in Frameworks */ = {isa = PBXBuildFile; productRef = DAEE5D282AA3A7D100909097 /* ReSwift */; };
		DAEE5D2B2AA3A7FD00909097 /* StateStore.swift in Sources */ = {isa = PBXBuildFile; fileRef = DAEE5D2A2AA3A7FD00909097 /* StateStore.swift */; };
		DAEE5D2C2AA42CC900909097 /* StateStore.swift in Sources */ = {isa = PBXBuildFile; fileRef = DAEE5D2A2AA3A7FD00909097 /* StateStore.swift */; };
		DAEE5D2E2AA42D8100909097 /* AppState.swift in Sources */ = {isa = PBXBuildFile; fileRef = DAEE5D2D2AA42D8100909097 /* AppState.swift */; };
		DAEE5D2F2AA42DB600909097 /* AppState.swift in Sources */ = {isa = PBXBuildFile; fileRef = DAEE5D2D2AA42D8100909097 /* AppState.swift */; };
		DAEE5D342AA4399A00909097 /* StoreAssembly.swift in Sources */ = {isa = PBXBuildFile; fileRef = DAEE5D332AA4399A00909097 /* StoreAssembly.swift */; };
		DAEE5D362AA4404E00909097 /* Resolver+resolve.swift in Sources */ = {isa = PBXBuildFile; fileRef = DAEE5D352AA4404E00909097 /* Resolver+resolve.swift */; };
		DAEE5D372AA4407000909097 /* Resolver+resolve.swift in Sources */ = {isa = PBXBuildFile; fileRef = DAEE5D352AA4404E00909097 /* Resolver+resolve.swift */; };
		DAEE5D382AA440EC00909097 /* StoreAssembly.swift in Sources */ = {isa = PBXBuildFile; fileRef = DAEE5D332AA4399A00909097 /* StoreAssembly.swift */; };
/* End PBXBuildFile section */

/* Begin PBXContainerItemProxy section */
		DA6148272AA0790A00CDA84C /* PBXContainerItemProxy */ = {
			isa = PBXContainerItemProxy;
			containerPortal = DA7A09A42A950FBB0046AAC4 /* Project object */;
			proxyType = 1;
			remoteGlobalIDString = DA6147FE2AA0774900CDA84C;
			remoteInfo = WordCheckerDev;
		};
		DA6148292AA0791000CDA84C /* PBXContainerItemProxy */ = {
			isa = PBXContainerItemProxy;
			containerPortal = DA7A09A42A950FBB0046AAC4 /* Project object */;
			proxyType = 1;
			remoteGlobalIDString = DA6147FE2AA0774900CDA84C;
			remoteInfo = WordCheckerDev;
		};
/* End PBXContainerItemProxy section */

/* Begin PBXFileReference section */
		DA4623EA2AA1C257007D00DE /* .swiftlint_precommit.yml */ = {isa = PBXFileReference; lastKnownFileType = text.yaml; path = .swiftlint_precommit.yml; sourceTree = "<group>"; };
		DA6148252AA0774900CDA84C /* WordCheckerDev.app */ = {isa = PBXFileReference; explicitFileType = wrapper.application; includeInIndex = 0; path = WordCheckerDev.app; sourceTree = BUILT_PRODUCTS_DIR; };
		DA61482F2AA07D0800CDA84C /* DataAssembly_Product.swift */ = {isa = PBXFileReference; lastKnownFileType = sourcecode.swift; path = DataAssembly_Product.swift; sourceTree = "<group>"; };
		DA6148312AA07D1800CDA84C /* DataAssembly_Dev.swift */ = {isa = PBXFileReference; lastKnownFileType = sourcecode.swift; path = DataAssembly_Dev.swift; sourceTree = "<group>"; };
		DA6D9BDF2AA086F900F827EE /* WordChecker.xctestplan */ = {isa = PBXFileReference; lastKnownFileType = text; path = WordChecker.xctestplan; sourceTree = "<group>"; };
		DA7A09AC2A950FBB0046AAC4 /* WordChecker.app */ = {isa = PBXFileReference; explicitFileType = wrapper.application; includeInIndex = 0; path = WordChecker.app; sourceTree = BUILT_PRODUCTS_DIR; };
		DA7A09AF2A950FBB0046AAC4 /* AppDelegate.swift */ = {isa = PBXFileReference; lastKnownFileType = sourcecode.swift; path = AppDelegate.swift; sourceTree = "<group>"; };
		DA7A09B12A950FBB0046AAC4 /* SceneDelegate.swift */ = {isa = PBXFileReference; lastKnownFileType = sourcecode.swift; path = SceneDelegate.swift; sourceTree = "<group>"; };
		DA7A09B32A950FBB0046AAC4 /* WordCheckingViewController.swift */ = {isa = PBXFileReference; lastKnownFileType = sourcecode.swift; path = WordCheckingViewController.swift; sourceTree = "<group>"; };
		DA7A09B82A950FBC0046AAC4 /* Assets.xcassets */ = {isa = PBXFileReference; lastKnownFileType = folder.assetcatalog; path = Assets.xcassets; sourceTree = "<group>"; };
		DA7A09BB2A950FBC0046AAC4 /* Base */ = {isa = PBXFileReference; lastKnownFileType = file.storyboard; name = Base; path = Base.lproj/LaunchScreen.storyboard; sourceTree = "<group>"; };
		DA7A09BD2A950FBC0046AAC4 /* Info.plist */ = {isa = PBXFileReference; lastKnownFileType = text.plist.xml; path = Info.plist; sourceTree = "<group>"; };
		DA7A09C22A950FBC0046AAC4 /* WordCheckerTests.xctest */ = {isa = PBXFileReference; explicitFileType = wrapper.cfbundle; includeInIndex = 0; path = WordCheckerTests.xctest; sourceTree = BUILT_PRODUCTS_DIR; };
		DA7A09C62A950FBC0046AAC4 /* WordCheckerTests.swift */ = {isa = PBXFileReference; lastKnownFileType = sourcecode.swift; path = WordCheckerTests.swift; sourceTree = "<group>"; };
		DA7A09CC2A950FBC0046AAC4 /* WordCheckerUITests.xctest */ = {isa = PBXFileReference; explicitFileType = wrapper.cfbundle; includeInIndex = 0; path = WordCheckerUITests.xctest; sourceTree = BUILT_PRODUCTS_DIR; };
		DA7A09D02A950FBC0046AAC4 /* WordCheckerUITests.swift */ = {isa = PBXFileReference; lastKnownFileType = sourcecode.swift; path = WordCheckerUITests.swift; sourceTree = "<group>"; };
		DA7A09E72A95F5EE0046AAC4 /* ko */ = {isa = PBXFileReference; lastKnownFileType = text.plist.strings; name = ko; path = ko.lproj/Localizable.strings; sourceTree = "<group>"; };
		DA7A09EA2A95F6110046AAC4 /* en */ = {isa = PBXFileReference; lastKnownFileType = text.plist.strings; name = en; path = en.lproj/Localizable.strings; sourceTree = "<group>"; };
		DA7A09EB2A95F8E80046AAC4 /* WCString.swift */ = {isa = PBXFileReference; lastKnownFileType = sourcecode.swift; path = WCString.swift; sourceTree = "<group>"; };
		DA7A09EE2A95FEAF0046AAC4 /* UIFont+preferredFont.swift */ = {isa = PBXFileReference; lastKnownFileType = sourcecode.swift; path = "UIFont+preferredFont.swift"; sourceTree = "<group>"; };
		DA7A09F62A9756B90046AAC4 /* WCRepository.swift */ = {isa = PBXFileReference; lastKnownFileType = sourcecode.swift; path = WCRepository.swift; sourceTree = "<group>"; };
		DA7A09F82A97571F0046AAC4 /* Word.swift */ = {isa = PBXFileReference; lastKnownFileType = sourcecode.swift; path = Word.swift; sourceTree = "<group>"; };
		DA7A09FF2A97853F0046AAC4 /* Collection+isNotEmpty.swift */ = {isa = PBXFileReference; fileEncoding = 4; lastKnownFileType = sourcecode.swift; path = "Collection+isNotEmpty.swift"; sourceTree = "<group>"; };
		DA7A0A042A9786420046AAC4 /* WordCheckingViewModel.swift */ = {isa = PBXFileReference; lastKnownFileType = sourcecode.swift; path = WordCheckingViewModel.swift; sourceTree = "<group>"; };
		DA7A0A062A979BC90046AAC4 /* CircularLinkedList.swift */ = {isa = PBXFileReference; lastKnownFileType = sourcecode.swift; path = CircularLinkedList.swift; sourceTree = "<group>"; };
		DA7A0A082A9859580046AAC4 /* WordChecking+BottomButton.swift */ = {isa = PBXFileReference; lastKnownFileType = sourcecode.swift; path = "WordChecking+BottomButton.swift"; sourceTree = "<group>"; };
		DA7A0A0B2A985F720046AAC4 /* WordListViewController.swift */ = {isa = PBXFileReference; lastKnownFileType = sourcecode.swift; path = WordListViewController.swift; sourceTree = "<group>"; };
		DA7A0A0D2A9861950046AAC4 /* WordListViewModel.swift */ = {isa = PBXFileReference; lastKnownFileType = sourcecode.swift; path = WordListViewModel.swift; sourceTree = "<group>"; };
		DA7A0A0F2A989CB60046AAC4 /* RealmError.swift */ = {isa = PBXFileReference; lastKnownFileType = sourcecode.swift; path = RealmError.swift; sourceTree = "<group>"; };
		DA7A0A162A9A540A0046AAC4 /* WordSearchResultsController.swift */ = {isa = PBXFileReference; lastKnownFileType = sourcecode.swift; path = WordSearchResultsController.swift; sourceTree = "<group>"; };
		DA7A0A1D2A9B75790046AAC4 /* XCUIApplication+launchEnvironment.swift */ = {isa = PBXFileReference; lastKnownFileType = sourcecode.swift; path = "XCUIApplication+launchEnvironment.swift"; sourceTree = "<group>"; };
		DA7A0A1F2A9B75930046AAC4 /* LaunchArguments.swift */ = {isa = PBXFileReference; lastKnownFileType = sourcecode.swift; path = LaunchArguments.swift; sourceTree = "<group>"; };
		DA7A0A292A9B85CF0046AAC4 /* DIContainer.swift */ = {isa = PBXFileReference; lastKnownFileType = sourcecode.swift; path = DIContainer.swift; sourceTree = "<group>"; };
		DA7A0A2B2A9B86ED0046AAC4 /* DataAssembly.swift */ = {isa = PBXFileReference; lastKnownFileType = sourcecode.swift; path = DataAssembly.swift; sourceTree = "<group>"; };
		DA7A0A2D2A9B8F0E0046AAC4 /* UIViewControllerAssembly.swift */ = {isa = PBXFileReference; lastKnownFileType = sourcecode.swift; path = UIViewControllerAssembly.swift; sourceTree = "<group>"; };
		DA7A0A372A9C48440046AAC4 /* AccessibilityIdentifier.swift */ = {isa = PBXFileReference; lastKnownFileType = sourcecode.swift; path = AccessibilityIdentifier.swift; sourceTree = "<group>"; };
		DA7A0A3C2A9C71570046AAC4 /* XCUIElement+assertExistence.swift */ = {isa = PBXFileReference; lastKnownFileType = sourcecode.swift; path = "XCUIElement+assertExistence.swift"; sourceTree = "<group>"; };
		DA7A0A462A9F21FA0046AAC4 /* .swiftlint.yml */ = {isa = PBXFileReference; lastKnownFileType = text.yaml; path = .swiftlint.yml; sourceTree = "<group>"; };
		DA7A0A482A9F29660046AAC4 /* generate_swifttlint_filelist.sh */ = {isa = PBXFileReference; fileEncoding = 4; lastKnownFileType = text.script.sh; name = generate_swifttlint_filelist.sh; path = Scripts/generate_swifttlint_filelist.sh; sourceTree = "<group>"; };
		DA95B0602AA56E370093EEF5 /* WordState.swift */ = {isa = PBXFileReference; lastKnownFileType = sourcecode.swift; path = WordState.swift; sourceTree = "<group>"; };
		DA95B0632AA573E80093EEF5 /* WordStateAction.swift */ = {isa = PBXFileReference; lastKnownFileType = sourcecode.swift; path = WordStateAction.swift; sourceTree = "<group>"; };
		DA95B0672AA574D50093EEF5 /* State.swift */ = {isa = PBXFileReference; lastKnownFileType = sourcecode.swift; path = State.swift; sourceTree = "<group>"; };
		DAEE5D232AA37B5B00909097 /* XCUIElement+clearAndEnterText.swift */ = {isa = PBXFileReference; lastKnownFileType = sourcecode.swift; path = "XCUIElement+clearAndEnterText.swift"; sourceTree = "<group>"; };
		DAEE5D252AA38C3A00909097 /* XCUIElement+backButton.swift */ = {isa = PBXFileReference; lastKnownFileType = sourcecode.swift; path = "XCUIElement+backButton.swift"; sourceTree = "<group>"; };
		DAEE5D2A2AA3A7FD00909097 /* StateStore.swift */ = {isa = PBXFileReference; lastKnownFileType = sourcecode.swift; path = StateStore.swift; sourceTree = "<group>"; };
		DAEE5D2D2AA42D8100909097 /* AppState.swift */ = {isa = PBXFileReference; lastKnownFileType = sourcecode.swift; path = AppState.swift; sourceTree = "<group>"; };
		DAEE5D332AA4399A00909097 /* StoreAssembly.swift */ = {isa = PBXFileReference; lastKnownFileType = sourcecode.swift; path = StoreAssembly.swift; sourceTree = "<group>"; };
		DAEE5D352AA4404E00909097 /* Resolver+resolve.swift */ = {isa = PBXFileReference; lastKnownFileType = sourcecode.swift; path = "Resolver+resolve.swift"; sourceTree = "<group>"; };
/* End PBXFileReference section */

/* Begin PBXFrameworksBuildPhase section */
		DA6148192AA0774900CDA84C /* Frameworks */ = {
			isa = PBXFrameworksBuildPhase;
			buildActionMask = 2147483647;
			files = (
				DA61481A2AA0774900CDA84C /* RealmSwift in Frameworks */,
				DA61481B2AA0774900CDA84C /* Realm in Frameworks */,
				DA61481C2AA0774900CDA84C /* Swinject in Frameworks */,
				DAEE5D292AA3A7D100909097 /* ReSwift in Frameworks */,
			);
			runOnlyForDeploymentPostprocessing = 0;
		};
		DA7A09A92A950FBB0046AAC4 /* Frameworks */ = {
			isa = PBXFrameworksBuildPhase;
			buildActionMask = 2147483647;
			files = (
				DA7A09F52A9756780046AAC4 /* RealmSwift in Frameworks */,
				DA7A09F32A9756780046AAC4 /* Realm in Frameworks */,
				DA7A0A272A9B85B00046AAC4 /* Swinject in Frameworks */,
				DA8EC9EA2AA35CF200BDEEC2 /* ReSwift in Frameworks */,
			);
			runOnlyForDeploymentPostprocessing = 0;
		};
		DA7A09BF2A950FBC0046AAC4 /* Frameworks */ = {
			isa = PBXFrameworksBuildPhase;
			buildActionMask = 2147483647;
			files = (
				DA7A0A1C2A9B727C0046AAC4 /* Realm in Frameworks */,
			);
			runOnlyForDeploymentPostprocessing = 0;
		};
		DA7A09C92A950FBC0046AAC4 /* Frameworks */ = {
			isa = PBXFrameworksBuildPhase;
			buildActionMask = 2147483647;
			files = (
				DA7A0A222A9B77140046AAC4 /* Realm in Frameworks */,
			);
			runOnlyForDeploymentPostprocessing = 0;
		};
/* End PBXFrameworksBuildPhase section */

/* Begin PBXGroup section */
		DA7A09A32A950FBB0046AAC4 = {
			isa = PBXGroup;
			children = (
				DA6D9BDF2AA086F900F827EE /* WordChecker.xctestplan */,
				DA7A0A462A9F21FA0046AAC4 /* .swiftlint.yml */,
				DA4623EA2AA1C257007D00DE /* .swiftlint_precommit.yml */,
				DA7A0A482A9F29660046AAC4 /* generate_swifttlint_filelist.sh */,
				DA7A09AE2A950FBB0046AAC4 /* WordChecker */,
				DA7A09C52A950FBC0046AAC4 /* WordCheckerTests */,
				DA7A09CF2A950FBC0046AAC4 /* WordCheckerUITests */,
				DA7A09AD2A950FBB0046AAC4 /* Products */,
				DA7A0A1A2A9B727C0046AAC4 /* Frameworks */,
			);
			sourceTree = "<group>";
		};
		DA7A09AD2A950FBB0046AAC4 /* Products */ = {
			isa = PBXGroup;
			children = (
				DA7A09AC2A950FBB0046AAC4 /* WordChecker.app */,
				DA7A09C22A950FBC0046AAC4 /* WordCheckerTests.xctest */,
				DA7A09CC2A950FBC0046AAC4 /* WordCheckerUITests.xctest */,
				DA6148252AA0774900CDA84C /* WordCheckerDev.app */,
			);
			name = Products;
			sourceTree = "<group>";
		};
		DA7A09AE2A950FBB0046AAC4 /* WordChecker */ = {
			isa = PBXGroup;
			children = (
				DA8EC9E52AA35C5100BDEEC2 /* State */,
				DA7A0A122A9910A70046AAC4 /* Application */,
				DA7A09E02A95F03C0046AAC4 /* Data */,
				DA7A0A282A9B85C50046AAC4 /* DI */,
				DA7A0A012A97855A0046AAC4 /* Extensions */,
				DA7A09BD2A950FBC0046AAC4 /* Info.plist */,
				DA7A09ED2A95F9C60046AAC4 /* Localization */,
				DA7A09F02A96012B0046AAC4 /* Resources */,
				DA7A0A022A97862C0046AAC4 /* Scenes */,
				DA7A0A132A9910DB0046AAC4 /* Utilities */,
			);
			path = WordChecker;
			sourceTree = "<group>";
		};
		DA7A09C52A950FBC0046AAC4 /* WordCheckerTests */ = {
			isa = PBXGroup;
			children = (
				DA7A09C62A950FBC0046AAC4 /* WordCheckerTests.swift */,
			);
			path = WordCheckerTests;
			sourceTree = "<group>";
		};
		DA7A09CF2A950FBC0046AAC4 /* WordCheckerUITests */ = {
			isa = PBXGroup;
			children = (
				DA7A0A3E2A9C74CF0046AAC4 /* Utilities */,
				DA7A09D02A950FBC0046AAC4 /* WordCheckerUITests.swift */,
			);
			path = WordCheckerUITests;
			sourceTree = "<group>";
		};
		DA7A09E02A95F03C0046AAC4 /* Data */ = {
			isa = PBXGroup;
			children = (
				DA7A0A112A9910760046AAC4 /* ObjectModels */,
				DA7A09F62A9756B90046AAC4 /* WCRepository.swift */,
				DA7A0A0F2A989CB60046AAC4 /* RealmError.swift */,
			);
			path = Data;
			sourceTree = "<group>";
		};
		DA7A09ED2A95F9C60046AAC4 /* Localization */ = {
			isa = PBXGroup;
			children = (
				DA7A09E82A95F5EE0046AAC4 /* Localizable.strings */,
				DA7A09EB2A95F8E80046AAC4 /* WCString.swift */,
			);
			path = Localization;
			sourceTree = "<group>";
		};
		DA7A09F02A96012B0046AAC4 /* Resources */ = {
			isa = PBXGroup;
			children = (
				DA7A09B82A950FBC0046AAC4 /* Assets.xcassets */,
				DA7A09BA2A950FBC0046AAC4 /* LaunchScreen.storyboard */,
			);
			path = Resources;
			sourceTree = "<group>";
		};
		DA7A0A012A97855A0046AAC4 /* Extensions */ = {
			isa = PBXGroup;
			children = (
				DA7A09FF2A97853F0046AAC4 /* Collection+isNotEmpty.swift */,
				DA7A09EE2A95FEAF0046AAC4 /* UIFont+preferredFont.swift */,
			);
			path = Extensions;
			sourceTree = "<group>";
		};
		DA7A0A022A97862C0046AAC4 /* Scenes */ = {
			isa = PBXGroup;
			children = (
				DA7A0A332A9B94DE0046AAC4 /* Common */,
				DA7A0A0A2A985F640046AAC4 /* WordList */,
				DA7A0A032A9786320046AAC4 /* WordChecking */,
			);
			path = Scenes;
			sourceTree = "<group>";
		};
		DA7A0A032A9786320046AAC4 /* WordChecking */ = {
			isa = PBXGroup;
			children = (
				DA7A09B32A950FBB0046AAC4 /* WordCheckingViewController.swift */,
				DA7A0A042A9786420046AAC4 /* WordCheckingViewModel.swift */,
				DA7A0A082A9859580046AAC4 /* WordChecking+BottomButton.swift */,
			);
			path = WordChecking;
			sourceTree = "<group>";
		};
		DA7A0A0A2A985F640046AAC4 /* WordList */ = {
			isa = PBXGroup;
			children = (
				DA7A0A0B2A985F720046AAC4 /* WordListViewController.swift */,
				DA7A0A0D2A9861950046AAC4 /* WordListViewModel.swift */,
				DA7A0A162A9A540A0046AAC4 /* WordSearchResultsController.swift */,
			);
			path = WordList;
			sourceTree = "<group>";
		};
		DA7A0A112A9910760046AAC4 /* ObjectModels */ = {
			isa = PBXGroup;
			children = (
				DA7A09F82A97571F0046AAC4 /* Word.swift */,
			);
			path = ObjectModels;
			sourceTree = "<group>";
		};
		DA7A0A122A9910A70046AAC4 /* Application */ = {
			isa = PBXGroup;
			children = (
				DA7A09AF2A950FBB0046AAC4 /* AppDelegate.swift */,
				DA7A09B12A950FBB0046AAC4 /* SceneDelegate.swift */,
				DA7A0A1F2A9B75930046AAC4 /* LaunchArguments.swift */,
			);
			path = Application;
			sourceTree = "<group>";
		};
		DA7A0A132A9910DB0046AAC4 /* Utilities */ = {
			isa = PBXGroup;
			children = (
				DA7A0A062A979BC90046AAC4 /* CircularLinkedList.swift */,
			);
			path = Utilities;
			sourceTree = "<group>";
		};
		DA7A0A1A2A9B727C0046AAC4 /* Frameworks */ = {
			isa = PBXGroup;
			children = (
			);
			name = Frameworks;
			sourceTree = "<group>";
		};
		DA7A0A282A9B85C50046AAC4 /* DI */ = {
			isa = PBXGroup;
			children = (
				DAEE5D3A2AA4421400909097 /* Utilities */,
				DAEE5D392AA4420900909097 /* Assemblies */,
				DA7A0A292A9B85CF0046AAC4 /* DIContainer.swift */,
			);
			path = DI;
			sourceTree = "<group>";
		};
		DA7A0A332A9B94DE0046AAC4 /* Common */ = {
			isa = PBXGroup;
			children = (
				DA7A0A372A9C48440046AAC4 /* AccessibilityIdentifier.swift */,
			);
			path = Common;
			sourceTree = "<group>";
		};
		DA7A0A3E2A9C74CF0046AAC4 /* Utilities */ = {
			isa = PBXGroup;
			children = (
				DA7A0A1D2A9B75790046AAC4 /* XCUIApplication+launchEnvironment.swift */,
				DA7A0A3C2A9C71570046AAC4 /* XCUIElement+assertExistence.swift */,
				DAEE5D232AA37B5B00909097 /* XCUIElement+clearAndEnterText.swift */,
				DAEE5D252AA38C3A00909097 /* XCUIElement+backButton.swift */,
			);
			path = Utilities;
			sourceTree = "<group>";
		};
		DA8EC9E52AA35C5100BDEEC2 /* State */ = {
			isa = PBXGroup;
			children = (
				DAEE5D2A2AA3A7FD00909097 /* StateStore.swift */,
				DA95B0672AA574D50093EEF5 /* State.swift */,
				DA95B0662AA573F10093EEF5 /* App */,
				DA95B0652AA573EA0093EEF5 /* Word */,
			);
			path = State;
			sourceTree = "<group>";
		};
		DA95B0652AA573EA0093EEF5 /* Word */ = {
			isa = PBXGroup;
			children = (
				DA95B0602AA56E370093EEF5 /* WordState.swift */,
				DA95B0632AA573E80093EEF5 /* WordStateAction.swift */,
			);
			path = Word;
			sourceTree = "<group>";
		};
		DA95B0662AA573F10093EEF5 /* App */ = {
			isa = PBXGroup;
			children = (
				DAEE5D2D2AA42D8100909097 /* AppState.swift */,
			);
			path = App;
			sourceTree = "<group>";
		};
		DAEE5D392AA4420900909097 /* Assemblies */ = {
			isa = PBXGroup;
			children = (
				DA6148312AA07D1800CDA84C /* DataAssembly_Dev.swift */,
				DA61482F2AA07D0800CDA84C /* DataAssembly_Product.swift */,
				DA7A0A2B2A9B86ED0046AAC4 /* DataAssembly.swift */,
				DA7A0A2D2A9B8F0E0046AAC4 /* UIViewControllerAssembly.swift */,
				DAEE5D332AA4399A00909097 /* StoreAssembly.swift */,
			);
			path = Assemblies;
			sourceTree = "<group>";
		};
		DAEE5D3A2AA4421400909097 /* Utilities */ = {
			isa = PBXGroup;
			children = (
				DAEE5D352AA4404E00909097 /* Resolver+resolve.swift */,
			);
			path = Utilities;
			sourceTree = "<group>";
		};
/* End PBXGroup section */

/* Begin PBXNativeTarget section */
		DA6147FE2AA0774900CDA84C /* WordCheckerDev */ = {
			isa = PBXNativeTarget;
			buildConfigurationList = DA6148222AA0774900CDA84C /* Build configuration list for PBXNativeTarget "WordCheckerDev" */;
			buildPhases = (
				DA6148042AA0774900CDA84C /* Sources */,
				DA6148192AA0774900CDA84C /* Frameworks */,
				DA61481D2AA0774900CDA84C /* Resources */,
				DA6148212AA0774900CDA84C /* ShellScript */,
				DA4623E72AA1BC2E007D00DE /* ShellScript */,
			);
			buildRules = (
			);
			dependencies = (
			);
			name = WordCheckerDev;
			packageProductDependencies = (
				DA6147FF2AA0774900CDA84C /* Realm */,
				DA6148012AA0774900CDA84C /* RealmSwift */,
				DA6148022AA0774900CDA84C /* Swinject */,
				DAEE5D282AA3A7D100909097 /* ReSwift */,
			);
			productName = WordChecker;
			productReference = DA6148252AA0774900CDA84C /* WordCheckerDev.app */;
			productType = "com.apple.product-type.application";
		};
		DA7A09AB2A950FBB0046AAC4 /* WordChecker */ = {
			isa = PBXNativeTarget;
			buildConfigurationList = DA7A09D62A950FBC0046AAC4 /* Build configuration list for PBXNativeTarget "WordChecker" */;
			buildPhases = (
				DA7A09A82A950FBB0046AAC4 /* Sources */,
				DA7A09A92A950FBB0046AAC4 /* Frameworks */,
				DA7A09AA2A950FBB0046AAC4 /* Resources */,
				DA7A0A452A9F06290046AAC4 /* ShellScript */,
				DA4623E82AA1BCDE007D00DE /* ShellScript */,
			);
			buildRules = (
			);
			dependencies = (
			);
			name = WordChecker;
			packageProductDependencies = (
				DA7A09F22A9756780046AAC4 /* Realm */,
				DA7A09F42A9756780046AAC4 /* RealmSwift */,
				DA7A0A262A9B85B00046AAC4 /* Swinject */,
				DA8EC9E92AA35CF200BDEEC2 /* ReSwift */,
			);
			productName = WordChecker;
			productReference = DA7A09AC2A950FBB0046AAC4 /* WordChecker.app */;
			productType = "com.apple.product-type.application";
		};
		DA7A09C12A950FBC0046AAC4 /* WordCheckerTests */ = {
			isa = PBXNativeTarget;
			buildConfigurationList = DA7A09D92A950FBC0046AAC4 /* Build configuration list for PBXNativeTarget "WordCheckerTests" */;
			buildPhases = (
				DA7A09BE2A950FBC0046AAC4 /* Sources */,
				DA7A09BF2A950FBC0046AAC4 /* Frameworks */,
				DA7A09C02A950FBC0046AAC4 /* Resources */,
			);
			buildRules = (
			);
			dependencies = (
				DA6148282AA0790A00CDA84C /* PBXTargetDependency */,
			);
			name = WordCheckerTests;
			packageProductDependencies = (
				DA7A0A1B2A9B727C0046AAC4 /* Realm */,
			);
			productName = WordCheckerTests;
			productReference = DA7A09C22A950FBC0046AAC4 /* WordCheckerTests.xctest */;
			productType = "com.apple.product-type.bundle.unit-test";
		};
		DA7A09CB2A950FBC0046AAC4 /* WordCheckerUITests */ = {
			isa = PBXNativeTarget;
			buildConfigurationList = DA7A09DC2A950FBC0046AAC4 /* Build configuration list for PBXNativeTarget "WordCheckerUITests" */;
			buildPhases = (
				DA7A09C82A950FBC0046AAC4 /* Sources */,
				DA7A09C92A950FBC0046AAC4 /* Frameworks */,
				DA7A09CA2A950FBC0046AAC4 /* Resources */,
			);
			buildRules = (
			);
			dependencies = (
				DA61482A2AA0791000CDA84C /* PBXTargetDependency */,
			);
			name = WordCheckerUITests;
			packageProductDependencies = (
				DA7A0A212A9B77140046AAC4 /* Realm */,
			);
			productName = WordCheckerUITests;
			productReference = DA7A09CC2A950FBC0046AAC4 /* WordCheckerUITests.xctest */;
			productType = "com.apple.product-type.bundle.ui-testing";
		};
/* End PBXNativeTarget section */

/* Begin PBXProject section */
		DA7A09A42A950FBB0046AAC4 /* Project object */ = {
			isa = PBXProject;
			attributes = {
				BuildIndependentTargetsInParallel = 1;
				LastSwiftUpdateCheck = 1430;
				LastUpgradeCheck = 1430;
				TargetAttributes = {
					DA7A09AB2A950FBB0046AAC4 = {
						CreatedOnToolsVersion = 14.3.1;
					};
					DA7A09C12A950FBC0046AAC4 = {
						CreatedOnToolsVersion = 14.3.1;
						TestTargetID = DA7A09AB2A950FBB0046AAC4;
					};
					DA7A09CB2A950FBC0046AAC4 = {
						CreatedOnToolsVersion = 14.3.1;
						TestTargetID = DA7A09AB2A950FBB0046AAC4;
					};
				};
			};
			buildConfigurationList = DA7A09A72A950FBB0046AAC4 /* Build configuration list for PBXProject "WordChecker" */;
			compatibilityVersion = "Xcode 14.0";
			developmentRegion = en;
			hasScannedForEncodings = 0;
			knownRegions = (
				en,
				Base,
				ko,
			);
			mainGroup = DA7A09A32A950FBB0046AAC4;
			packageReferences = (
				DA7A09F12A9756780046AAC4 /* XCRemoteSwiftPackageReference "realm-swift" */,
				DA7A0A252A9B85B00046AAC4 /* XCRemoteSwiftPackageReference "Swinject" */,
				DA8EC9E82AA35CF200BDEEC2 /* XCRemoteSwiftPackageReference "ReSwift" */,
			);
			productRefGroup = DA7A09AD2A950FBB0046AAC4 /* Products */;
			projectDirPath = "";
			projectRoot = "";
			targets = (
				DA7A09AB2A950FBB0046AAC4 /* WordChecker */,
				DA6147FE2AA0774900CDA84C /* WordCheckerDev */,
				DA7A09C12A950FBC0046AAC4 /* WordCheckerTests */,
				DA7A09CB2A950FBC0046AAC4 /* WordCheckerUITests */,
			);
		};
/* End PBXProject section */

/* Begin PBXResourcesBuildPhase section */
		DA61481D2AA0774900CDA84C /* Resources */ = {
			isa = PBXResourcesBuildPhase;
			buildActionMask = 2147483647;
			files = (
				DA61481E2AA0774900CDA84C /* LaunchScreen.storyboard in Resources */,
				DA61481F2AA0774900CDA84C /* Localizable.strings in Resources */,
				DA6148202AA0774900CDA84C /* Assets.xcassets in Resources */,
			);
			runOnlyForDeploymentPostprocessing = 0;
		};
		DA7A09AA2A950FBB0046AAC4 /* Resources */ = {
			isa = PBXResourcesBuildPhase;
			buildActionMask = 2147483647;
			files = (
				DA7A09BC2A950FBC0046AAC4 /* LaunchScreen.storyboard in Resources */,
				DA7A09E62A95F5EE0046AAC4 /* Localizable.strings in Resources */,
				DA7A09B92A950FBC0046AAC4 /* Assets.xcassets in Resources */,
			);
			runOnlyForDeploymentPostprocessing = 0;
		};
		DA7A09C02A950FBC0046AAC4 /* Resources */ = {
			isa = PBXResourcesBuildPhase;
			buildActionMask = 2147483647;
			files = (
			);
			runOnlyForDeploymentPostprocessing = 0;
		};
		DA7A09CA2A950FBC0046AAC4 /* Resources */ = {
			isa = PBXResourcesBuildPhase;
			buildActionMask = 2147483647;
			files = (
				DA7A0A3B2A9C64550046AAC4 /* Localizable.strings in Resources */,
			);
			runOnlyForDeploymentPostprocessing = 0;
		};
/* End PBXResourcesBuildPhase section */

/* Begin PBXShellScriptBuildPhase section */
		DA4623E72AA1BC2E007D00DE /* ShellScript */ = {
			isa = PBXShellScriptBuildPhase;
			alwaysOutOfDate = 1;
			buildActionMask = 2147483647;
			files = (
			);
			inputFileListPaths = (
			);
			inputPaths = (
			);
			outputFileListPaths = (
			);
			outputPaths = (
			);
			runOnlyForDeploymentPostprocessing = 0;
			shellPath = /bin/sh;
			shellScript = "./Scripts/set_githooks_path.sh\n";
		};
		DA4623E82AA1BCDE007D00DE /* ShellScript */ = {
			isa = PBXShellScriptBuildPhase;
			alwaysOutOfDate = 1;
			buildActionMask = 2147483647;
			files = (
			);
			inputFileListPaths = (
			);
			inputPaths = (
			);
			outputFileListPaths = (
			);
			outputPaths = (
			);
			runOnlyForDeploymentPostprocessing = 0;
			shellPath = /bin/sh;
			shellScript = "./Scripts/set_githooks_path.sh\n";
		};
		DA6148212AA0774900CDA84C /* ShellScript */ = {
			isa = PBXShellScriptBuildPhase;
			buildActionMask = 2147483647;
			files = (
			);
			inputFileListPaths = (
				"$(SRCROOT)/build/build_phases/WordChecker_swiftlint.xcfilelist",
			);
			inputPaths = (
			);
			outputFileListPaths = (
			);
			outputPaths = (
				"$(SRCROOT)/build/build_phases/WordChecker_swiftlint_static_output",
			);
			runOnlyForDeploymentPostprocessing = 0;
			shellPath = /bin/sh;
			shellScript = "./Scripts/run_swiftlint--fix_and_swiftlint.sh\n";
		};
		DA7A0A452A9F06290046AAC4 /* ShellScript */ = {
			isa = PBXShellScriptBuildPhase;
			buildActionMask = 2147483647;
			files = (
			);
			inputFileListPaths = (
				"$(SRCROOT)/build/build_phases/WordChecker_swiftlint.xcfilelist",
			);
			inputPaths = (
			);
			outputFileListPaths = (
			);
			outputPaths = (
				"$(SRCROOT)/build/build_phases/WordChecker_swiftlint_static_output",
			);
			runOnlyForDeploymentPostprocessing = 0;
			shellPath = /bin/sh;
			shellScript = "./Scripts/run_swiftlint--fix_and_swiftlint.sh\n";
		};
/* End PBXShellScriptBuildPhase section */

/* Begin PBXSourcesBuildPhase section */
		DA6148042AA0774900CDA84C /* Sources */ = {
			isa = PBXSourcesBuildPhase;
			buildActionMask = 2147483647;
			files = (
				DA6148052AA0774900CDA84C /* WordCheckingViewModel.swift in Sources */,
				DA6148062AA0774900CDA84C /* WordChecking+BottomButton.swift in Sources */,
				DAEE5D372AA4407000909097 /* Resolver+resolve.swift in Sources */,
				DA6148072AA0774900CDA84C /* LaunchArguments.swift in Sources */,
				DA6148082AA0774900CDA84C /* DataAssembly.swift in Sources */,
				DA95B0692AA574F30093EEF5 /* State.swift in Sources */,
				DA6148092AA0774900CDA84C /* WordSearchResultsController.swift in Sources */,
				DA61480A2AA0774900CDA84C /* WordListViewController.swift in Sources */,
				DA61480B2AA0774900CDA84C /* DIContainer.swift in Sources */,
				DA61480C2AA0774900CDA84C /* WordCheckingViewController.swift in Sources */,
				DA61480D2AA0774900CDA84C /* Collection+isNotEmpty.swift in Sources */,
				DA61480E2AA0774900CDA84C /* CircularLinkedList.swift in Sources */,
				DA61480F2AA0774900CDA84C /* RealmError.swift in Sources */,
				DA6148102AA0774900CDA84C /* Word.swift in Sources */,
				DA95B0622AA56E8E0093EEF5 /* WordState.swift in Sources */,
				DA6148112AA0774900CDA84C /* AppDelegate.swift in Sources */,
				DA6148122AA0774900CDA84C /* WordListViewModel.swift in Sources */,
				DA6148132AA0774900CDA84C /* UIViewControllerAssembly.swift in Sources */,
				DA6148142AA0774900CDA84C /* AccessibilityIdentifier.swift in Sources */,
				DA6148152AA0774900CDA84C /* UIFont+preferredFont.swift in Sources */,
				DAEE5D382AA440EC00909097 /* StoreAssembly.swift in Sources */,
				DAEE5D2F2AA42DB600909097 /* AppState.swift in Sources */,
				DA6148162AA0774900CDA84C /* WCRepository.swift in Sources */,
				DA95B06A2AA575510093EEF5 /* WordStateAction.swift in Sources */,
				DAEE5D2C2AA42CC900909097 /* StateStore.swift in Sources */,
				DA6148172AA0774900CDA84C /* WCString.swift in Sources */,
				DA6148182AA0774900CDA84C /* SceneDelegate.swift in Sources */,
				DA6148332AA07DA200CDA84C /* DataAssembly_Dev.swift in Sources */,
			);
			runOnlyForDeploymentPostprocessing = 0;
		};
		DA7A09A82A950FBB0046AAC4 /* Sources */ = {
			isa = PBXSourcesBuildPhase;
			buildActionMask = 2147483647;
			files = (
				DA7A0A052A9786420046AAC4 /* WordCheckingViewModel.swift in Sources */,
				DA7A0A092A9859580046AAC4 /* WordChecking+BottomButton.swift in Sources */,
				DAEE5D362AA4404E00909097 /* Resolver+resolve.swift in Sources */,
				DA95B0612AA56E370093EEF5 /* WordState.swift in Sources */,
				DA6148302AA07D0800CDA84C /* DataAssembly_Product.swift in Sources */,
				DA95B0682AA574D50093EEF5 /* State.swift in Sources */,
				DA7A0A2C2A9B86ED0046AAC4 /* DataAssembly.swift in Sources */,
				DA7A0A172A9A540A0046AAC4 /* WordSearchResultsController.swift in Sources */,
				DA7A0A0C2A985F720046AAC4 /* WordListViewController.swift in Sources */,
				DA7A0A2A2A9B85CF0046AAC4 /* DIContainer.swift in Sources */,
				DA7A09B42A950FBB0046AAC4 /* WordCheckingViewController.swift in Sources */,
				DA7A0A002A97853F0046AAC4 /* Collection+isNotEmpty.swift in Sources */,
				DAEE5D2B2AA3A7FD00909097 /* StateStore.swift in Sources */,
				DA7A0A072A979BC90046AAC4 /* CircularLinkedList.swift in Sources */,
				DA7A0A102A989CB60046AAC4 /* RealmError.swift in Sources */,
				DA7A09F92A97571F0046AAC4 /* Word.swift in Sources */,
				DA7A09B02A950FBB0046AAC4 /* AppDelegate.swift in Sources */,
				DA7A0A0E2A9861950046AAC4 /* WordListViewModel.swift in Sources */,
				DA7A0A2E2A9B8F0E0046AAC4 /* UIViewControllerAssembly.swift in Sources */,
				DA7A0A382A9C48440046AAC4 /* AccessibilityIdentifier.swift in Sources */,
				DAEE5D2E2AA42D8100909097 /* AppState.swift in Sources */,
				DA7A09EF2A95FEAF0046AAC4 /* UIFont+preferredFont.swift in Sources */,
				DA7A09F72A9756B90046AAC4 /* WCRepository.swift in Sources */,
				DA7A09EC2A95F8E80046AAC4 /* WCString.swift in Sources */,
				DA95B0642AA573E80093EEF5 /* WordStateAction.swift in Sources */,
				DA7A09B22A950FBB0046AAC4 /* SceneDelegate.swift in Sources */,
				DAEE5D342AA4399A00909097 /* StoreAssembly.swift in Sources */,
			);
			runOnlyForDeploymentPostprocessing = 0;
		};
		DA7A09BE2A950FBC0046AAC4 /* Sources */ = {
			isa = PBXSourcesBuildPhase;
			buildActionMask = 2147483647;
			files = (
				DA7A09C72A950FBC0046AAC4 /* WordCheckerTests.swift in Sources */,
			);
			runOnlyForDeploymentPostprocessing = 0;
		};
		DA7A09C82A950FBC0046AAC4 /* Sources */ = {
			isa = PBXSourcesBuildPhase;
			buildActionMask = 2147483647;
			files = (
				DA7A0A1E2A9B75790046AAC4 /* XCUIApplication+launchEnvironment.swift in Sources */,
				DAEE5D242AA37B5B00909097 /* XCUIElement+clearAndEnterText.swift in Sources */,
				DA7A09D12A950FBC0046AAC4 /* WordCheckerUITests.swift in Sources */,
				DA7A0A392A9C4F2D0046AAC4 /* AccessibilityIdentifier.swift in Sources */,
				DA7A0A2F2A9B91F10046AAC4 /* WCString.swift in Sources */,
				DA7A0A3D2A9C71570046AAC4 /* XCUIElement+assertExistence.swift in Sources */,
				DA7A0A242A9B82CB0046AAC4 /* LaunchArguments.swift in Sources */,
				DAEE5D262AA38C3A00909097 /* XCUIElement+backButton.swift in Sources */,
			);
			runOnlyForDeploymentPostprocessing = 0;
		};
/* End PBXSourcesBuildPhase section */

/* Begin PBXTargetDependency section */
		DA6148282AA0790A00CDA84C /* PBXTargetDependency */ = {
			isa = PBXTargetDependency;
			target = DA6147FE2AA0774900CDA84C /* WordCheckerDev */;
			targetProxy = DA6148272AA0790A00CDA84C /* PBXContainerItemProxy */;
		};
		DA61482A2AA0791000CDA84C /* PBXTargetDependency */ = {
			isa = PBXTargetDependency;
			target = DA6147FE2AA0774900CDA84C /* WordCheckerDev */;
			targetProxy = DA6148292AA0791000CDA84C /* PBXContainerItemProxy */;
		};
/* End PBXTargetDependency section */

/* Begin PBXVariantGroup section */
		DA7A09BA2A950FBC0046AAC4 /* LaunchScreen.storyboard */ = {
			isa = PBXVariantGroup;
			children = (
				DA7A09BB2A950FBC0046AAC4 /* Base */,
			);
			name = LaunchScreen.storyboard;
			sourceTree = "<group>";
		};
		DA7A09E82A95F5EE0046AAC4 /* Localizable.strings */ = {
			isa = PBXVariantGroup;
			children = (
				DA7A09E72A95F5EE0046AAC4 /* ko */,
				DA7A09EA2A95F6110046AAC4 /* en */,
			);
			name = Localizable.strings;
			sourceTree = "<group>";
		};
/* End PBXVariantGroup section */

/* Begin XCBuildConfiguration section */
		DA6148232AA0774900CDA84C /* Debug */ = {
			isa = XCBuildConfiguration;
			buildSettings = {
				ASSETCATALOG_COMPILER_APPICON_NAME = AppIcon;
				ASSETCATALOG_COMPILER_GLOBAL_ACCENT_COLOR_NAME = AccentColor;
				CODE_SIGN_STYLE = Automatic;
				CURRENT_PROJECT_VERSION = 1;
				DEVELOPMENT_TEAM = 2AVC8X7323;
				GENERATE_INFOPLIST_FILE = YES;
				INFOPLIST_FILE = WordChecker/Info.plist;
				INFOPLIST_KEY_CFBundleDisplayName = "단어확인기_DEV";
				INFOPLIST_KEY_LSApplicationCategoryType = "public.app-category.utilities";
				INFOPLIST_KEY_UIApplicationSupportsIndirectInputEvents = YES;
				INFOPLIST_KEY_UILaunchStoryboardName = LaunchScreen;
				INFOPLIST_KEY_UIMainStoryboardFile = "";
				INFOPLIST_KEY_UISupportedInterfaceOrientations = "UIInterfaceOrientationLandscapeLeft UIInterfaceOrientationLandscapeRight UIInterfaceOrientationPortrait";
				INFOPLIST_KEY_UISupportedInterfaceOrientations_iPad = "UIInterfaceOrientationLandscapeLeft UIInterfaceOrientationLandscapeRight UIInterfaceOrientationPortraitUpsideDown";
				IPHONEOS_DEPLOYMENT_TARGET = 16.0;
				LD_RUNPATH_SEARCH_PATHS = (
					"$(inherited)",
					"@executable_path/Frameworks",
				);
				MARKETING_VERSION = 1.0;
				PRODUCT_BUNDLE_IDENTIFIER = com.woin2ee.WordCheckerDev;
				PRODUCT_NAME = "$(TARGET_NAME)";
				SUPPORTED_PLATFORMS = "iphoneos iphonesimulator";
				SUPPORTS_MACCATALYST = NO;
				SUPPORTS_MAC_DESIGNED_FOR_IPHONE_IPAD = NO;
				SWIFT_EMIT_LOC_STRINGS = YES;
				SWIFT_VERSION = 5.0;
				TARGETED_DEVICE_FAMILY = 1;
			};
			name = Debug;
		};
		DA6148242AA0774900CDA84C /* Release */ = {
			isa = XCBuildConfiguration;
			buildSettings = {
				ASSETCATALOG_COMPILER_APPICON_NAME = AppIcon;
				ASSETCATALOG_COMPILER_GLOBAL_ACCENT_COLOR_NAME = AccentColor;
				CODE_SIGN_STYLE = Automatic;
				CURRENT_PROJECT_VERSION = 1;
				DEVELOPMENT_TEAM = 2AVC8X7323;
				GENERATE_INFOPLIST_FILE = YES;
				INFOPLIST_FILE = WordChecker/Info.plist;
				INFOPLIST_KEY_CFBundleDisplayName = "단어확인기_DEV";
				INFOPLIST_KEY_LSApplicationCategoryType = "public.app-category.utilities";
				INFOPLIST_KEY_UIApplicationSupportsIndirectInputEvents = YES;
				INFOPLIST_KEY_UILaunchStoryboardName = LaunchScreen;
				INFOPLIST_KEY_UIMainStoryboardFile = "";
				INFOPLIST_KEY_UISupportedInterfaceOrientations = "UIInterfaceOrientationLandscapeLeft UIInterfaceOrientationLandscapeRight UIInterfaceOrientationPortrait";
				INFOPLIST_KEY_UISupportedInterfaceOrientations_iPad = "UIInterfaceOrientationLandscapeLeft UIInterfaceOrientationLandscapeRight UIInterfaceOrientationPortraitUpsideDown";
				IPHONEOS_DEPLOYMENT_TARGET = 16.0;
				LD_RUNPATH_SEARCH_PATHS = (
					"$(inherited)",
					"@executable_path/Frameworks",
				);
				MARKETING_VERSION = 1.0;
				PRODUCT_BUNDLE_IDENTIFIER = com.woin2ee.WordCheckerDev;
				PRODUCT_NAME = "$(TARGET_NAME)";
				SUPPORTED_PLATFORMS = "iphoneos iphonesimulator";
				SUPPORTS_MACCATALYST = NO;
				SUPPORTS_MAC_DESIGNED_FOR_IPHONE_IPAD = NO;
				SWIFT_EMIT_LOC_STRINGS = YES;
				SWIFT_VERSION = 5.0;
				TARGETED_DEVICE_FAMILY = 1;
			};
			name = Release;
		};
		DA7A09D42A950FBC0046AAC4 /* Debug */ = {
			isa = XCBuildConfiguration;
			buildSettings = {
				ALWAYS_SEARCH_USER_PATHS = NO;
				CLANG_ANALYZER_LOCALIZABILITY_NONLOCALIZED = YES;
				CLANG_ANALYZER_NONNULL = YES;
				CLANG_ANALYZER_NUMBER_OBJECT_CONVERSION = YES_AGGRESSIVE;
				CLANG_CXX_LANGUAGE_STANDARD = "gnu++20";
				CLANG_ENABLE_MODULES = YES;
				CLANG_ENABLE_OBJC_ARC = YES;
				CLANG_ENABLE_OBJC_WEAK = YES;
				CLANG_WARN_BLOCK_CAPTURE_AUTORELEASING = YES;
				CLANG_WARN_BOOL_CONVERSION = YES;
				CLANG_WARN_COMMA = YES;
				CLANG_WARN_CONSTANT_CONVERSION = YES;
				CLANG_WARN_DEPRECATED_OBJC_IMPLEMENTATIONS = YES;
				CLANG_WARN_DIRECT_OBJC_ISA_USAGE = YES_ERROR;
				CLANG_WARN_DOCUMENTATION_COMMENTS = YES;
				CLANG_WARN_EMPTY_BODY = YES;
				CLANG_WARN_ENUM_CONVERSION = YES;
				CLANG_WARN_INFINITE_RECURSION = YES;
				CLANG_WARN_INT_CONVERSION = YES;
				CLANG_WARN_NON_LITERAL_NULL_CONVERSION = YES;
				CLANG_WARN_OBJC_IMPLICIT_RETAIN_SELF = YES;
				CLANG_WARN_OBJC_LITERAL_CONVERSION = YES;
				CLANG_WARN_OBJC_ROOT_CLASS = YES_ERROR;
				CLANG_WARN_QUOTED_INCLUDE_IN_FRAMEWORK_HEADER = YES;
				CLANG_WARN_RANGE_LOOP_ANALYSIS = YES;
				CLANG_WARN_STRICT_PROTOTYPES = YES;
				CLANG_WARN_SUSPICIOUS_MOVE = YES;
				CLANG_WARN_UNGUARDED_AVAILABILITY = YES_AGGRESSIVE;
				CLANG_WARN_UNREACHABLE_CODE = YES;
				CLANG_WARN__DUPLICATE_METHOD_MATCH = YES;
				COPY_PHASE_STRIP = NO;
				DEBUG_INFORMATION_FORMAT = dwarf;
				ENABLE_STRICT_OBJC_MSGSEND = YES;
				ENABLE_TESTABILITY = YES;
				GCC_C_LANGUAGE_STANDARD = gnu11;
				GCC_DYNAMIC_NO_PIC = NO;
				GCC_NO_COMMON_BLOCKS = YES;
				GCC_OPTIMIZATION_LEVEL = 0;
				GCC_PREPROCESSOR_DEFINITIONS = (
					"DEBUG=1",
					"$(inherited)",
				);
				GCC_WARN_64_TO_32_BIT_CONVERSION = YES;
				GCC_WARN_ABOUT_RETURN_TYPE = YES_ERROR;
				GCC_WARN_UNDECLARED_SELECTOR = YES;
				GCC_WARN_UNINITIALIZED_AUTOS = YES_AGGRESSIVE;
				GCC_WARN_UNUSED_FUNCTION = YES;
				GCC_WARN_UNUSED_VARIABLE = YES;
				IPHONEOS_DEPLOYMENT_TARGET = 16.0;
				MTL_ENABLE_DEBUG_INFO = INCLUDE_SOURCE;
				MTL_FAST_MATH = YES;
				ONLY_ACTIVE_ARCH = YES;
				SDKROOT = iphoneos;
				SWIFT_ACTIVE_COMPILATION_CONDITIONS = DEBUG;
				SWIFT_OPTIMIZATION_LEVEL = "-Onone";
			};
			name = Debug;
		};
		DA7A09D52A950FBC0046AAC4 /* Release */ = {
			isa = XCBuildConfiguration;
			buildSettings = {
				ALWAYS_SEARCH_USER_PATHS = NO;
				CLANG_ANALYZER_LOCALIZABILITY_NONLOCALIZED = YES;
				CLANG_ANALYZER_NONNULL = YES;
				CLANG_ANALYZER_NUMBER_OBJECT_CONVERSION = YES_AGGRESSIVE;
				CLANG_CXX_LANGUAGE_STANDARD = "gnu++20";
				CLANG_ENABLE_MODULES = YES;
				CLANG_ENABLE_OBJC_ARC = YES;
				CLANG_ENABLE_OBJC_WEAK = YES;
				CLANG_WARN_BLOCK_CAPTURE_AUTORELEASING = YES;
				CLANG_WARN_BOOL_CONVERSION = YES;
				CLANG_WARN_COMMA = YES;
				CLANG_WARN_CONSTANT_CONVERSION = YES;
				CLANG_WARN_DEPRECATED_OBJC_IMPLEMENTATIONS = YES;
				CLANG_WARN_DIRECT_OBJC_ISA_USAGE = YES_ERROR;
				CLANG_WARN_DOCUMENTATION_COMMENTS = YES;
				CLANG_WARN_EMPTY_BODY = YES;
				CLANG_WARN_ENUM_CONVERSION = YES;
				CLANG_WARN_INFINITE_RECURSION = YES;
				CLANG_WARN_INT_CONVERSION = YES;
				CLANG_WARN_NON_LITERAL_NULL_CONVERSION = YES;
				CLANG_WARN_OBJC_IMPLICIT_RETAIN_SELF = YES;
				CLANG_WARN_OBJC_LITERAL_CONVERSION = YES;
				CLANG_WARN_OBJC_ROOT_CLASS = YES_ERROR;
				CLANG_WARN_QUOTED_INCLUDE_IN_FRAMEWORK_HEADER = YES;
				CLANG_WARN_RANGE_LOOP_ANALYSIS = YES;
				CLANG_WARN_STRICT_PROTOTYPES = YES;
				CLANG_WARN_SUSPICIOUS_MOVE = YES;
				CLANG_WARN_UNGUARDED_AVAILABILITY = YES_AGGRESSIVE;
				CLANG_WARN_UNREACHABLE_CODE = YES;
				CLANG_WARN__DUPLICATE_METHOD_MATCH = YES;
				COPY_PHASE_STRIP = NO;
				DEBUG_INFORMATION_FORMAT = "dwarf-with-dsym";
				ENABLE_NS_ASSERTIONS = NO;
				ENABLE_STRICT_OBJC_MSGSEND = YES;
				GCC_C_LANGUAGE_STANDARD = gnu11;
				GCC_NO_COMMON_BLOCKS = YES;
				GCC_WARN_64_TO_32_BIT_CONVERSION = YES;
				GCC_WARN_ABOUT_RETURN_TYPE = YES_ERROR;
				GCC_WARN_UNDECLARED_SELECTOR = YES;
				GCC_WARN_UNINITIALIZED_AUTOS = YES_AGGRESSIVE;
				GCC_WARN_UNUSED_FUNCTION = YES;
				GCC_WARN_UNUSED_VARIABLE = YES;
				IPHONEOS_DEPLOYMENT_TARGET = 16.0;
				MTL_ENABLE_DEBUG_INFO = NO;
				MTL_FAST_MATH = YES;
				SDKROOT = iphoneos;
				SWIFT_COMPILATION_MODE = wholemodule;
				SWIFT_OPTIMIZATION_LEVEL = "-O";
				VALIDATE_PRODUCT = YES;
			};
			name = Release;
		};
		DA7A09D72A950FBC0046AAC4 /* Debug */ = {
			isa = XCBuildConfiguration;
			buildSettings = {
				ASSETCATALOG_COMPILER_APPICON_NAME = AppIcon;
				ASSETCATALOG_COMPILER_GLOBAL_ACCENT_COLOR_NAME = AccentColor;
				CODE_SIGN_STYLE = Automatic;
				CURRENT_PROJECT_VERSION = 1;
				DEVELOPMENT_TEAM = 2AVC8X7323;
				GENERATE_INFOPLIST_FILE = YES;
				INFOPLIST_FILE = WordChecker/Info.plist;
				INFOPLIST_KEY_CFBundleDisplayName = "단어확인기";
				INFOPLIST_KEY_LSApplicationCategoryType = "public.app-category.utilities";
				INFOPLIST_KEY_UIApplicationSupportsIndirectInputEvents = YES;
				INFOPLIST_KEY_UILaunchStoryboardName = LaunchScreen;
				INFOPLIST_KEY_UIMainStoryboardFile = "";
				INFOPLIST_KEY_UISupportedInterfaceOrientations = "UIInterfaceOrientationLandscapeLeft UIInterfaceOrientationLandscapeRight UIInterfaceOrientationPortrait";
				INFOPLIST_KEY_UISupportedInterfaceOrientations_iPad = "UIInterfaceOrientationLandscapeLeft UIInterfaceOrientationLandscapeRight UIInterfaceOrientationPortraitUpsideDown";
				IPHONEOS_DEPLOYMENT_TARGET = 16.0;
				LD_RUNPATH_SEARCH_PATHS = (
					"$(inherited)",
					"@executable_path/Frameworks",
				);
				MARKETING_VERSION = 1.0;
				PRODUCT_BUNDLE_IDENTIFIER = com.woin2ee.WordChecker;
				PRODUCT_NAME = "$(TARGET_NAME)";
				SUPPORTED_PLATFORMS = "iphoneos iphonesimulator";
				SUPPORTS_MACCATALYST = NO;
				SUPPORTS_MAC_DESIGNED_FOR_IPHONE_IPAD = NO;
				SWIFT_EMIT_LOC_STRINGS = YES;
				SWIFT_VERSION = 5.0;
				TARGETED_DEVICE_FAMILY = 1;
			};
			name = Debug;
		};
		DA7A09D82A950FBC0046AAC4 /* Release */ = {
			isa = XCBuildConfiguration;
			buildSettings = {
				ASSETCATALOG_COMPILER_APPICON_NAME = AppIcon;
				ASSETCATALOG_COMPILER_GLOBAL_ACCENT_COLOR_NAME = AccentColor;
				CODE_SIGN_STYLE = Automatic;
				CURRENT_PROJECT_VERSION = 1;
				DEVELOPMENT_TEAM = 2AVC8X7323;
				GENERATE_INFOPLIST_FILE = YES;
				INFOPLIST_FILE = WordChecker/Info.plist;
				INFOPLIST_KEY_CFBundleDisplayName = "단어확인기";
				INFOPLIST_KEY_LSApplicationCategoryType = "public.app-category.utilities";
				INFOPLIST_KEY_UIApplicationSupportsIndirectInputEvents = YES;
				INFOPLIST_KEY_UILaunchStoryboardName = LaunchScreen;
				INFOPLIST_KEY_UIMainStoryboardFile = "";
				INFOPLIST_KEY_UISupportedInterfaceOrientations = "UIInterfaceOrientationLandscapeLeft UIInterfaceOrientationLandscapeRight UIInterfaceOrientationPortrait";
				INFOPLIST_KEY_UISupportedInterfaceOrientations_iPad = "UIInterfaceOrientationLandscapeLeft UIInterfaceOrientationLandscapeRight UIInterfaceOrientationPortraitUpsideDown";
				IPHONEOS_DEPLOYMENT_TARGET = 16.0;
				LD_RUNPATH_SEARCH_PATHS = (
					"$(inherited)",
					"@executable_path/Frameworks",
				);
				MARKETING_VERSION = 1.0;
				PRODUCT_BUNDLE_IDENTIFIER = com.woin2ee.WordChecker;
				PRODUCT_NAME = "$(TARGET_NAME)";
				SUPPORTED_PLATFORMS = "iphoneos iphonesimulator";
				SUPPORTS_MACCATALYST = NO;
				SUPPORTS_MAC_DESIGNED_FOR_IPHONE_IPAD = NO;
				SWIFT_EMIT_LOC_STRINGS = YES;
				SWIFT_VERSION = 5.0;
				TARGETED_DEVICE_FAMILY = 1;
			};
			name = Release;
		};
		DA7A09DA2A950FBC0046AAC4 /* Debug */ = {
			isa = XCBuildConfiguration;
			buildSettings = {
				ALWAYS_EMBED_SWIFT_STANDARD_LIBRARIES = YES;
				BUNDLE_LOADER = "$(TEST_HOST)";
				CODE_SIGN_STYLE = Automatic;
				CURRENT_PROJECT_VERSION = 1;
				DEVELOPMENT_TEAM = 2AVC8X7323;
				GENERATE_INFOPLIST_FILE = YES;
				IPHONEOS_DEPLOYMENT_TARGET = 16.0;
				MARKETING_VERSION = 1.0;
				PRODUCT_BUNDLE_IDENTIFIER = com.woin2ee.WordCheckerDevTests;
				PRODUCT_NAME = "$(TARGET_NAME)";
				SUPPORTED_PLATFORMS = "iphoneos iphonesimulator";
				SUPPORTS_MACCATALYST = NO;
				SUPPORTS_MAC_DESIGNED_FOR_IPHONE_IPAD = NO;
				SWIFT_EMIT_LOC_STRINGS = NO;
				SWIFT_VERSION = 5.0;
				TARGETED_DEVICE_FAMILY = 1;
				TEST_HOST = "$(BUILT_PRODUCTS_DIR)/WordCheckerDev.app/$(BUNDLE_EXECUTABLE_FOLDER_PATH)/WordCheckerDev";
			};
			name = Debug;
		};
		DA7A09DB2A950FBC0046AAC4 /* Release */ = {
			isa = XCBuildConfiguration;
			buildSettings = {
				ALWAYS_EMBED_SWIFT_STANDARD_LIBRARIES = YES;
				BUNDLE_LOADER = "$(TEST_HOST)";
				CODE_SIGN_STYLE = Automatic;
				CURRENT_PROJECT_VERSION = 1;
				DEVELOPMENT_TEAM = 2AVC8X7323;
				GENERATE_INFOPLIST_FILE = YES;
				IPHONEOS_DEPLOYMENT_TARGET = 16.0;
				MARKETING_VERSION = 1.0;
				PRODUCT_BUNDLE_IDENTIFIER = com.woin2ee.WordCheckerDevTests;
				PRODUCT_NAME = "$(TARGET_NAME)";
				SUPPORTED_PLATFORMS = "iphoneos iphonesimulator";
				SUPPORTS_MACCATALYST = NO;
				SUPPORTS_MAC_DESIGNED_FOR_IPHONE_IPAD = NO;
				SWIFT_EMIT_LOC_STRINGS = NO;
				SWIFT_VERSION = 5.0;
				TARGETED_DEVICE_FAMILY = 1;
				TEST_HOST = "$(BUILT_PRODUCTS_DIR)/WordCheckerDev.app/$(BUNDLE_EXECUTABLE_FOLDER_PATH)/WordCheckerDev";
			};
			name = Release;
		};
		DA7A09DD2A950FBC0046AAC4 /* Debug */ = {
			isa = XCBuildConfiguration;
			buildSettings = {
				ALWAYS_EMBED_SWIFT_STANDARD_LIBRARIES = YES;
				CODE_SIGN_STYLE = Automatic;
				CURRENT_PROJECT_VERSION = 1;
				DEVELOPMENT_TEAM = 2AVC8X7323;
				GENERATE_INFOPLIST_FILE = YES;
				MARKETING_VERSION = 1.0;
				PRODUCT_BUNDLE_IDENTIFIER = com.woin2ee.WordCheckerDevUITests;
				PRODUCT_NAME = "$(TARGET_NAME)";
				SUPPORTED_PLATFORMS = "iphoneos iphonesimulator";
				SUPPORTS_MACCATALYST = NO;
				SUPPORTS_MAC_DESIGNED_FOR_IPHONE_IPAD = NO;
				SWIFT_EMIT_LOC_STRINGS = NO;
				SWIFT_VERSION = 5.0;
				TARGETED_DEVICE_FAMILY = 1;
				TEST_TARGET_NAME = WordCheckerDev;
			};
			name = Debug;
		};
		DA7A09DE2A950FBC0046AAC4 /* Release */ = {
			isa = XCBuildConfiguration;
			buildSettings = {
				ALWAYS_EMBED_SWIFT_STANDARD_LIBRARIES = YES;
				CODE_SIGN_STYLE = Automatic;
				CURRENT_PROJECT_VERSION = 1;
				DEVELOPMENT_TEAM = 2AVC8X7323;
				GENERATE_INFOPLIST_FILE = YES;
				MARKETING_VERSION = 1.0;
				PRODUCT_BUNDLE_IDENTIFIER = com.woin2ee.WordCheckerDevUITests;
				PRODUCT_NAME = "$(TARGET_NAME)";
				SUPPORTED_PLATFORMS = "iphoneos iphonesimulator";
				SUPPORTS_MACCATALYST = NO;
				SUPPORTS_MAC_DESIGNED_FOR_IPHONE_IPAD = NO;
				SWIFT_EMIT_LOC_STRINGS = NO;
				SWIFT_VERSION = 5.0;
				TARGETED_DEVICE_FAMILY = 1;
				TEST_TARGET_NAME = WordCheckerDev;
			};
			name = Release;
		};
/* End XCBuildConfiguration section */

/* Begin XCConfigurationList section */
		DA6148222AA0774900CDA84C /* Build configuration list for PBXNativeTarget "WordCheckerDev" */ = {
			isa = XCConfigurationList;
			buildConfigurations = (
				DA6148232AA0774900CDA84C /* Debug */,
				DA6148242AA0774900CDA84C /* Release */,
			);
			defaultConfigurationIsVisible = 0;
			defaultConfigurationName = Release;
		};
		DA7A09A72A950FBB0046AAC4 /* Build configuration list for PBXProject "WordChecker" */ = {
			isa = XCConfigurationList;
			buildConfigurations = (
				DA7A09D42A950FBC0046AAC4 /* Debug */,
				DA7A09D52A950FBC0046AAC4 /* Release */,
			);
			defaultConfigurationIsVisible = 0;
			defaultConfigurationName = Release;
		};
		DA7A09D62A950FBC0046AAC4 /* Build configuration list for PBXNativeTarget "WordChecker" */ = {
			isa = XCConfigurationList;
			buildConfigurations = (
				DA7A09D72A950FBC0046AAC4 /* Debug */,
				DA7A09D82A950FBC0046AAC4 /* Release */,
			);
			defaultConfigurationIsVisible = 0;
			defaultConfigurationName = Release;
		};
		DA7A09D92A950FBC0046AAC4 /* Build configuration list for PBXNativeTarget "WordCheckerTests" */ = {
			isa = XCConfigurationList;
			buildConfigurations = (
				DA7A09DA2A950FBC0046AAC4 /* Debug */,
				DA7A09DB2A950FBC0046AAC4 /* Release */,
			);
			defaultConfigurationIsVisible = 0;
			defaultConfigurationName = Release;
		};
		DA7A09DC2A950FBC0046AAC4 /* Build configuration list for PBXNativeTarget "WordCheckerUITests" */ = {
			isa = XCConfigurationList;
			buildConfigurations = (
				DA7A09DD2A950FBC0046AAC4 /* Debug */,
				DA7A09DE2A950FBC0046AAC4 /* Release */,
			);
			defaultConfigurationIsVisible = 0;
			defaultConfigurationName = Release;
		};
/* End XCConfigurationList section */

/* Begin XCRemoteSwiftPackageReference section */
		DA6148002AA0774900CDA84C /* XCRemoteSwiftPackageReference "realm-swift" */ = {
			isa = XCRemoteSwiftPackageReference;
			repositoryURL = "https://github.com/realm/realm-swift.git";
			requirement = {
				kind = upToNextMajorVersion;
				minimumVersion = 10.42.0;
			};
		};
		DA6148032AA0774900CDA84C /* XCRemoteSwiftPackageReference "Swinject" */ = {
			isa = XCRemoteSwiftPackageReference;
			repositoryURL = "https://github.com/Swinject/Swinject.git";
			requirement = {
				kind = upToNextMajorVersion;
				minimumVersion = 2.8.0;
			};
		};
		DA7A09F12A9756780046AAC4 /* XCRemoteSwiftPackageReference "realm-swift" */ = {
			isa = XCRemoteSwiftPackageReference;
			repositoryURL = "https://github.com/realm/realm-swift.git";
			requirement = {
				kind = upToNextMajorVersion;
				minimumVersion = 10.42.0;
			};
		};
		DA7A0A252A9B85B00046AAC4 /* XCRemoteSwiftPackageReference "Swinject" */ = {
			isa = XCRemoteSwiftPackageReference;
			repositoryURL = "https://github.com/Swinject/Swinject.git";
			requirement = {
				kind = upToNextMajorVersion;
				minimumVersion = 2.8.0;
			};
		};
		DA8EC9E82AA35CF200BDEEC2 /* XCRemoteSwiftPackageReference "ReSwift" */ = {
			isa = XCRemoteSwiftPackageReference;
			repositoryURL = "https://github.com/ReSwift/ReSwift.git";
			requirement = {
				kind = upToNextMajorVersion;
				minimumVersion = 6.0.0;
			};
		};
/* End XCRemoteSwiftPackageReference section */

/* Begin XCSwiftPackageProductDependency section */
		DA6147FF2AA0774900CDA84C /* Realm */ = {
			isa = XCSwiftPackageProductDependency;
			package = DA6148002AA0774900CDA84C /* XCRemoteSwiftPackageReference "realm-swift" */;
			productName = Realm;
		};
		DA6148012AA0774900CDA84C /* RealmSwift */ = {
			isa = XCSwiftPackageProductDependency;
			package = DA6148002AA0774900CDA84C /* XCRemoteSwiftPackageReference "realm-swift" */;
			productName = RealmSwift;
		};
		DA6148022AA0774900CDA84C /* Swinject */ = {
			isa = XCSwiftPackageProductDependency;
			package = DA6148032AA0774900CDA84C /* XCRemoteSwiftPackageReference "Swinject" */;
			productName = Swinject;
		};
		DA7A09F22A9756780046AAC4 /* Realm */ = {
			isa = XCSwiftPackageProductDependency;
			package = DA7A09F12A9756780046AAC4 /* XCRemoteSwiftPackageReference "realm-swift" */;
			productName = Realm;
		};
		DA7A09F42A9756780046AAC4 /* RealmSwift */ = {
			isa = XCSwiftPackageProductDependency;
			package = DA7A09F12A9756780046AAC4 /* XCRemoteSwiftPackageReference "realm-swift" */;
			productName = RealmSwift;
		};
		DA7A0A1B2A9B727C0046AAC4 /* Realm */ = {
			isa = XCSwiftPackageProductDependency;
			package = DA7A09F12A9756780046AAC4 /* XCRemoteSwiftPackageReference "realm-swift" */;
			productName = Realm;
		};
		DA7A0A212A9B77140046AAC4 /* Realm */ = {
			isa = XCSwiftPackageProductDependency;
			package = DA7A09F12A9756780046AAC4 /* XCRemoteSwiftPackageReference "realm-swift" */;
			productName = Realm;
		};
		DA7A0A262A9B85B00046AAC4 /* Swinject */ = {
			isa = XCSwiftPackageProductDependency;
			package = DA7A0A252A9B85B00046AAC4 /* XCRemoteSwiftPackageReference "Swinject" */;
			productName = Swinject;
		};
		DA8EC9E92AA35CF200BDEEC2 /* ReSwift */ = {
			isa = XCSwiftPackageProductDependency;
			package = DA8EC9E82AA35CF200BDEEC2 /* XCRemoteSwiftPackageReference "ReSwift" */;
			productName = ReSwift;
		};
		DAEE5D282AA3A7D100909097 /* ReSwift */ = {
			isa = XCSwiftPackageProductDependency;
			package = DA8EC9E82AA35CF200BDEEC2 /* XCRemoteSwiftPackageReference "ReSwift" */;
			productName = ReSwift;
		};
/* End XCSwiftPackageProductDependency section */
	};
	rootObject = DA7A09A42A950FBB0046AAC4 /* Project object */;
}
